{
  "name": "gen-ppt-fig-tools",
  "lockfileVersion": 3,
  "requires": true,
  "packages": {
    "": {
      "name": "gen-ppt-fig-tools",
      "dependencies": {
        "adm-zip": "^0.5.16",
        "fig-kiwi": "^0.0.1",
        "fzstd": "^0.1.1",
        "kiwi-schema": "^0.5.0",
        "pako": "^2.1.0"
      }
    },
    "node_modules/adm-zip": {
      "version": "0.5.18",
      "resolved": "https://registry.npmjs.org/adm-zip/-/adm-zip-0.5.18.tgz",
      "integrity": "sha512-ufJnssQGbxzLNS1Ho9bCtX4rQKCCvoVuDLHoJyc3F9dOGDB4BkWs2Ci0kv53lqocAEQ/Cbi+I2XCsNYGqVYqng==",
      "license": "MIT",
      "engines": {
        "node": ">=12.0"
      }
    },
    "node_modules/base64-js": {
      "version": "1.5.1",
      "resolved": "https://registry.npmjs.org/base64-js/-/base64-js-1.5.1.tgz",
      "integrity": "sha512-AKpaYlHn8t4SVbOHCy+b5+KKgvR4vrsD8vbvrbiQJps7fKDTkjkDry6ji0rUJjC0kzbNePLwzxq8iypo41qeWA==",
      "funding": [
        {
          "type": "github",
          "url": "https://github.com/sponsors/feross"
        },
        {
          "type": "patreon",
          "url": "https://www.patreon.com/feross"
        },
        {
          "type": "consulting",
          "url": "https://feross.org/support"
        }
      ],
      "license": "MIT"
    },
    "node_modules/buffer": {
      "version": "6.0.3",
      "resolved": "https://registry.npmjs.org/buffer/-/buffer-6.0.3.tgz",
      "integrity": "sha512-FTiCpNxtwiZZHEZbcbTIcZjERVICn9yq/pDFkTl95/AxzD1naBctN7YO68riM/gLSDY7sdrMby8hofADYuuqOA==",
      "funding": [
        {
          "type": "github",
          "url": "https://github.com/sponsors/feross"
        },
        {
          "type": "patreon",
          "url": "https://www.patreon.com/feross"
        },
        {
          "type": "consulting",
          "url": "https://feross.org/support"
        }
      ],
      "license": "MIT",
      "dependencies": {
        "base64-js": "^1.3.1",
        "ieee754": "^1.2.1"
      }
    },
    "node_modules/fig-kiwi": {
      "version": "0.0.1",
      "resolved": "https://registry.npmjs.org/fig-kiwi/-/fig-kiwi-0.0.1.tgz",
      "integrity": "sha512-B2BYzQGIrruzywbGr7gNvkv/UELoyX06F2boVPSgBnMnTiuwunmS0mOxiF09BHPSav7D2muMwS/OYVpEhSTTfw==",
      "dependencies": {
        "buffer": "^6.0.3",
        "kiwi-schema": "^0.4.7",
        "pako": "^2.0.4"
      }
    },
    "node_modules/fig-kiwi/node_modules/kiwi-schema": {
      "version": "0.4.7",
      "resolved": "https://registry.npmjs.org/kiwi-schema/-/kiwi-schema-0.4.7.tgz",
      "integrity": "sha512-IpxBAobeEea4gQDHQD0wUA6IzhMM2sVZ82oeOrXZzVfGHiqGPSayGOVvaHotai4NsYUTUbryVsHsQnKa4cfPNg==",
      "license": "MIT",
      "bin": {
        "kiwic": "cli.js"
      }
    },
    "node_modules/fzstd": {
      "version": "0.1.1",
      "resolved": "https://registry.npmjs.org/fzstd/-/fzstd-0.1.1.tgz",
      "integrity": "sha512-dkuVSOKKwh3eas5VkJy1AW1vFpet8TA/fGmVA5krThl8YcOVE/8ZIoEA1+U1vEn5ckxxhLirSdY837azmbaNHA==",
      "license": "MIT"
    },
    "node_modules/ieee754": {
      "version": "1.2.1",
      "resolved": "https://registry.npmjs.org/ieee754/-/ieee754-1.2.1.tgz",
      "integrity": "sha512-dcyqhDvX1C46lXZcVqCpK+FtMRQVdIMN6/Df5js2zouUsqG7I6sFxitIC+7KYK29KdXOLHdu9zL4sFnoVQnqaA==",
      "funding": [
        {
          "type": "github",
          "url": "https://github.com/sponsors/feross"
        },
        {
          "type": "patreon",
          "url": "https://www.patreon.com/feross"
        },
        {
          "type": "consulting",
          "url": "https://feross.org/support"
        }
      ],
      "license": "BSD-3-Clause"
    },
    "node_modules/kiwi-schema": {
      "version": "0.5.0",
      "resolved": "https://registry.npmjs.org/kiwi-schema/-/kiwi-schema-0.5.0.tgz",
      "integrity": "sha512-X+FpfU0yTEtc6aTHS7VwbOpvQwRt70+pXXWRI5fd6CvWhe7pSVC854TVo4Zo0x5/wwcWj+/9KUlXpdcP0dY9AA==",
      "license": "MIT",
      "bin": {
        "kiwic": "cli.js"
      }
    },
    "node_modules/pako": {
      "version": "2.2.0",
      "resolved": "https://registry.npmjs.org/pako/-/pako-2.2.0.tgz",
      "integrity": "sha512-zJq6RP/5q+TO2OpFV3FHzlPnFjmkb7Nc99a5SNjJE+uu/PkpChs+NIZSSzbBoD+6kjiISXjfYdwj1ZRQ81dz/w==",
      "funding": [
        {
          "type": "github",
          "url": "https://github.com/sponsors/puzrin"
        },
        {
          "type": "github",
          "url": "https://github.com/sponsors/nodeca"
        }
      ],
      "license": "(MIT AND Zlib)"
    }
  }
}
